
Microsoft Visual Studio Solution File, Format Version 12.00
# Visual Studio 15
VisualStudioVersion = 15.0.27130.2036
MinimumVisualStudioVersion = 10.0.40219.1
Project("{FAE04EC0-301F-11D3-BF4B-00C04F79EFBC}") = "AngleSharpTest", "AngleSharpTest\AngleSharpTest.csproj", "{ED5DF6A1-742C-4570-B30F-C968B3A531CD}"
EndProject
Project("{FAE04EC0-301F-11D3-BF4B-00C04F79EFBC}") = "Stock", "Stock\Stock.csproj", "{40C4CBDF-E717-446A-B7DD-0B51593CA2C0}"
EndProject
Global
	GlobalSection(SolutionConfigurationPlatforms) = preSolution
		Debug|Any CPU = Debug|Any CPU
		Release|Any CPU = Release|Any CPU
	EndGlobalSection
	GlobalSection(ProjectConfigurationPlatforms) = postSolution
		{ED5DF6A1-742C-4570-B30F-C968B3A531CD}.Debug|Any CPU.ActiveCfg = Debug|Any CPU
		{ED5DF6A1-742C-4570-B30F-C968B3A531CD}.Debug|Any CPU.Build.0 = Debug|Any CPU
		{ED5DF6A1-742C-4570-B30F-C968B3A531CD}.Release|Any CPU.ActiveCfg = Release|Any CPU
		{ED5DF6A1-742C-4570-B30F-C968B3A531CD}.Release|Any CPU.Build.0 = Release|Any CPU
		{40C4CBDF-E717-446A-B7DD-0B51593CA2C0}.Debug|Any CPU.ActiveCfg = Debug|Any CPU
		{40C4CBDF-E717-446A-B7DD-0B51593CA2C0}.Debug|Any CPU.Build.0 = Debug|Any CPU
		{40C4CBDF-E717-446A-B7DD-0B51593CA2C0}.Release|Any CPU.ActiveCfg = Release|Any CPU
		{40C4CBDF-E717-446A-B7DD-0B51593CA2C0}.Release|Any CPU.Build.0 = Release|Any CPU
	EndGlobalSection
	GlobalSection(SolutionProperties) = preSolution
		HideSolutionNode = FALSE
	EndGlobalSection
	GlobalSection(ExtensibilityGlobals) = postSolution
		SolutionGuid = {611D6BA6-46A3-4C24-9FDB-3000CA86B8EF}
	EndGlobalSection
EndGlobal
