
Microsoft Visual Studio Solution File, Format Version 12.00
# Visual Studio 15
VisualStudioVersion = 15.0.27130.2036
MinimumVisualStudioVersion = 10.0.40219.1
Project("{FAE04EC0-301F-11D3-BF4B-00C04F79EFBC}") = "StockAngleSharp", "StockAngleSharp\StockAngleSharp.csproj", "{03059DCB-36EB-4009-9AB8-F6DE62945139}"
EndProject
Project("{FAE04EC0-301F-11D3-BF4B-00C04F79EFBC}") = "Crawler.Web", "Crawler.Web\Crawler.Web.csproj", "{95B83727-383F-4C79-BE9C-B28ED7B8EAC6}"
EndProject
Global
	GlobalSection(SolutionConfigurationPlatforms) = preSolution
		Debug|Any CPU = Debug|Any CPU
		Release|Any CPU = Release|Any CPU
	EndGlobalSection
	GlobalSection(ProjectConfigurationPlatforms) = postSolution
		{03059DCB-36EB-4009-9AB8-F6DE62945139}.Debug|Any CPU.ActiveCfg = Debug|Any CPU
		{03059DCB-36EB-4009-9AB8-F6DE62945139}.Debug|Any CPU.Build.0 = Debug|Any CPU
		{03059DCB-36EB-4009-9AB8-F6DE62945139}.Release|Any CPU.ActiveCfg = Release|Any CPU
		{03059DCB-36EB-4009-9AB8-F6DE62945139}.Release|Any CPU.Build.0 = Release|Any CPU
		{95B83727-383F-4C79-BE9C-B28ED7B8EAC6}.Debug|Any CPU.ActiveCfg = Debug|Any CPU
		{95B83727-383F-4C79-BE9C-B28ED7B8EAC6}.Debug|Any CPU.Build.0 = Debug|Any CPU
		{95B83727-383F-4C79-BE9C-B28ED7B8EAC6}.Release|Any CPU.ActiveCfg = Release|Any CPU
		{95B83727-383F-4C79-BE9C-B28ED7B8EAC6}.Release|Any CPU.Build.0 = Release|Any CPU
	EndGlobalSection
	GlobalSection(SolutionProperties) = preSolution
		HideSolutionNode = FALSE
	EndGlobalSection
	GlobalSection(ExtensibilityGlobals) = postSolution
		SolutionGuid = {611D6BA6-46A3-4C24-9FDB-3000CA86B8EF}
	EndGlobalSection
EndGlobal
